PODS:
  - FBSnapshotTestCase (2.1.4):
    - FBSnapshotTestCase/SwiftSupport (= 2.1.4)
  - FBSnapshotTestCase/Core (2.1.4)
  - FBSnapshotTestCase/SwiftSupport (2.1.4):
    - FBSnapshotTestCase/Core
  - LYSegmentController (1.1.0)

DEPENDENCIES:
  - FBSnapshotTestCase (~> 2.1.4)
  - LYSegmentController (from `../`)

SPEC REPOS:
  https://github.com/cocoapods/specs.git:
    - FBSnapshotTestCase

EXTERNAL SOURCES:
  LYSegmentController:
    :path: "../"

SPEC CHECKSUMS:
  FBSnapshotTestCase: 094f9f314decbabe373b87cc339bea235a63e07a
  LYSegmentController: 272c4edc004982bbb6ab810889fbd3236564e473

PODFILE CHECKSUM: ef2dc06abcab1c6d11e4c53a4caf44b91e875ce0

COCOAPODS: 1.5.3
